
Microsoft Visual Studio Solution File, Format Version 12.00
# Visual Studio 15
VisualStudioVersion = 15.0.28307.271
MinimumVisualStudioVersion = 10.0.40219.1
Project("{FAE04EC0-301F-11D3-BF4B-00C04F79EFBC}") = "milestone3Practice", "milestone3Practice\milestone3Practice.csproj", "{0E70987D-BAB8-4A75-8B9D-513D234B6207}"
EndProject
Global
	GlobalSection(SolutionConfigurationPlatforms) = preSolution
		Debug|Any CPU = Debug|Any CPU
		Release|Any CPU = Release|Any CPU
	EndGlobalSection
	GlobalSection(ProjectConfigurationPlatforms) = postSolution
		{0E70987D-BAB8-4A75-8B9D-513D234B6207}.Debug|Any CPU.ActiveCfg = Debug|Any CPU
		{0E70987D-BAB8-4A75-8B9D-513D234B6207}.Debug|Any CPU.Build.0 = Debug|Any CPU
		{0E70987D-BAB8-4A75-8B9D-513D234B6207}.Release|Any CPU.ActiveCfg = Release|Any CPU
		{0E70987D-BAB8-4A75-8B9D-513D234B6207}.Release|Any CPU.Build.0 = Release|Any CPU
	EndGlobalSection
	GlobalSection(SolutionProperties) = preSolution
		HideSolutionNode = FALSE
	EndGlobalSection
	GlobalSection(ExtensibilityGlobals) = postSolution
		SolutionGuid = {6CEA8A71-D37B-40C9-B9C8-16E2335802C7}
	EndGlobalSection
EndGlobal
